github.com/gopacket/gopacket v1.5.0 h1:9s9fcSUVKFlRV97B77Bq9XNV3ly2gvvsneFMQUGjc+M=
github.com/gopacket/gopacket v1.5.0/go.mod h1:i3NaGaqfoWKAr1+g7qxEdWsmfT+MXuWkAe9+THv8LME=
github.com/vishvananda/netlink v1.1.0 h1:1iyaYNBLmP6L0220aDnYQpo1QEV4t4hJ+xEEhhJH8j0=
github.com/vishvananda/netlink v1.1.0/go.mod h1:cTgwzPIzzgDAYoQrMm0EdrjRUBkTqKYppBueQtXaqoE=
github.com/vishvananda/netns v0.0.0-20211101163701-50045581ed74 h1:gga7acRE695APm9hlsSMoOoE65U4/TcqNj90mc69Rlg=
github.com/vishvananda/netns v0.0.0-20211101163701-50045581ed74/go.mod h1:DD4vA1DwXk04H54A1oHXtwZmA0grkVMdPxx/VGLCah0=
golang.org/x/net v0.48.0 h1:zyQRTTrjc33Lhh0fBgT/H3oZq9WuvRR5gPC70xpDiQU=
golang.org/x/net v0.48.0/go.mod h1:+ndRgGjkh8FGtu1w1FGbEC31if4VrNVMuKTgcAAnQRY=
golang.org/x/sys v0.39.0 h1:CvCKL8MeisomCi6qNZ+wbb0DN9E5AATixKsvNtMoMFk=
golang.org/x/sys v0.39.0/go.mod h1:OgkHotnGiDImocRcuBABYBEXf8A9a87e/uXjp9XT3ks=
